
Microsoft Visual Studio Solution File, Format Version 12.00
# Visual Studio Version 17
VisualStudioVersion = 17.7.34302.85
MinimumVisualStudioVersion = 10.0.40219.1
Project("{FAE04EC0-301F-11D3-BF4B-00C04F79EFBC}") = "SchoolAPI", "SchoolAPI\SchoolAPI.csproj", "{FFB9D394-5EAE-4B5A-ADB7-5E89A983A1AF}"
EndProject
Project("{FAE04EC0-301F-11D3-BF4B-00C04F79EFBC}") = "SchoolAPI.Tests", "SchoolAPI.Tests\SchoolAPI.Tests.csproj", "{58EE9D04-0165-4ADF-AA80-31B50A00AD44}"
EndProject
Global
	GlobalSection(SolutionConfigurationPlatforms) = preSolution
		Debug|Any CPU = Debug|Any CPU
		Release|Any CPU = Release|Any CPU
	EndGlobalSection
	GlobalSection(ProjectConfigurationPlatforms) = postSolution
		{FFB9D394-5EAE-4B5A-ADB7-5E89A983A1AF}.Debug|Any CPU.ActiveCfg = Debug|Any CPU
		{FFB9D394-5EAE-4B5A-ADB7-5E89A983A1AF}.Debug|Any CPU.Build.0 = Debug|Any CPU
		{FFB9D394-5EAE-4B5A-ADB7-5E89A983A1AF}.Release|Any CPU.ActiveCfg = Release|Any CPU
		{FFB9D394-5EAE-4B5A-ADB7-5E89A983A1AF}.Release|Any CPU.Build.0 = Release|Any CPU
		{58EE9D04-0165-4ADF-AA80-31B50A00AD44}.Debug|Any CPU.ActiveCfg = Debug|Any CPU
		{58EE9D04-0165-4ADF-AA80-31B50A00AD44}.Debug|Any CPU.Build.0 = Debug|Any CPU
		{58EE9D04-0165-4ADF-AA80-31B50A00AD44}.Release|Any CPU.ActiveCfg = Release|Any CPU
		{58EE9D04-0165-4ADF-AA80-31B50A00AD44}.Release|Any CPU.Build.0 = Release|Any CPU
	EndGlobalSection
	GlobalSection(SolutionProperties) = preSolution
		HideSolutionNode = FALSE
	EndGlobalSection
	GlobalSection(ExtensibilityGlobals) = postSolution
		SolutionGuid = {4DB80151-3B8A-4B18-9F35-54FECB32FE2F}
	EndGlobalSection
EndGlobal
